// !$*UTF8*$!
{
	archiveVersion = 1;
	classes = {
	};
	objectVersion = 48;
	objects = {

/* Begin PBXBuildFile section */
		100AC4FE2470C23836678E18 /* Pods_Vampr_iOSTests.framework in Frameworks */ = {isa = PBXBuildFile; fileRef = 2101673087E7F0F78C1C7D5A /* Pods_Vampr_iOSTests.framework */; };
		22BF72F51F91130A0085E29F /* AppDelegate.m in Sources */ = {isa = PBXBuildFile; fileRef = 22BF72F41F91130A0085E29F /* AppDelegate.m */; };
		22BF72F81F91130A0085E29F /* ViewController.m in Sources */ = {isa = PBXBuildFile; fileRef = 22BF72F71F91130A0085E29F /* ViewController.m */; };
		22BF72FB1F91130A0085E29F /* Main.storyboard in Resources */ = {isa = PBXBuildFile; fileRef = 22BF72F91F91130A0085E29F /* Main.storyboard */; };
		22BF72FD1F91130A0085E29F /* Assets.xcassets in Resources */ = {isa = PBXBuildFile; fileRef = 22BF72FC1F91130A0085E29F /* Assets.xcassets */; };
		22BF73001F91130A0085E29F /* LaunchScreen.storyboard in Resources */ = {isa = PBXBuildFile; fileRef = 22BF72FE1F91130A0085E29F /* LaunchScreen.storyboard */; };
		22BF73031F91130B0085E29F /* main.m in Sources */ = {isa = PBXBuildFile; fileRef = 22BF73021F91130B0085E29F /* main.m */; };
		22BF73191F91131B0085E29F /* Vampire.m in Sources */ = {isa = PBXBuildFile; fileRef = 22BF73181F91131B0085E29F /* Vampire.m */; };
		22BF731B1F91173C0085E29F /* VampireTests.m in Sources */ = {isa = PBXBuildFile; fileRef = 22BF731A1F91173C0085E29F /* VampireTests.m */; };
		598A06E966BF2EA0AE1E2C6B /* Pods_Vampr_iOS.framework in Frameworks */ = {isa = PBXBuildFile; fileRef = FE6AEACADD9A369D5749EF9D /* Pods_Vampr_iOS.framework */; };
/* End PBXBuildFile section */

/* Begin PBXContainerItemProxy section */
		22BF73091F91130B0085E29F /* PBXContainerItemProxy */ = {
			isa = PBXContainerItemProxy;
			containerPortal = 22BF72E81F91130A0085E29F /* Project object */;
			proxyType = 1;
			remoteGlobalIDString = 22BF72EF1F91130A0085E29F;
			remoteInfo = "Vampr-iOS";
		};
/* End PBXContainerItemProxy section */

/* Begin PBXFileReference section */
		2101673087E7F0F78C1C7D5A /* Pods_Vampr_iOSTests.framework */ = {isa = PBXFileReference; explicitFileType = wrapper.framework; includeInIndex = 0; path = Pods_Vampr_iOSTests.framework; sourceTree = BUILT_PRODUCTS_DIR; };
		22BF72F01F91130A0085E29F /* Vampr-iOS.app */ = {isa = PBXFileReference; explicitFileType = wrapper.application; includeInIndex = 0; path = "Vampr-iOS.app"; sourceTree = BUILT_PRODUCTS_DIR; };
		22BF72F31F91130A0085E29F /* AppDelegate.h */ = {isa = PBXFileReference; lastKnownFileType = sourcecode.c.h; path = AppDelegate.h; sourceTree = "<group>"; };
		22BF72F41F91130A0085E29F /* AppDelegate.m */ = {isa = PBXFileReference; lastKnownFileType = sourcecode.c.objc; path = AppDelegate.m; sourceTree = "<group>"; };
		22BF72F61F91130A0085E29F /* ViewController.h */ = {isa = PBXFileReference; lastKnownFileType = sourcecode.c.h; path = ViewController.h; sourceTree = "<group>"; };
		22BF72F71F91130A0085E29F /* ViewController.m */ = {isa = PBXFileReference; lastKnownFileType = sourcecode.c.objc; path = ViewController.m; sourceTree = "<group>"; };
		22BF72FA1F91130A0085E29F /* Base */ = {isa = PBXFileReference; lastKnownFileType = file.storyboard; name = Base; path = Base.lproj/Main.storyboard; sourceTree = "<group>"; };
		22BF72FC1F91130A0085E29F /* Assets.xcassets */ = {isa = PBXFileReference; lastKnownFileType = folder.assetcatalog; path = Assets.xcassets; sourceTree = "<group>"; };
		22BF72FF1F91130A0085E29F /* Base */ = {isa = PBXFileReference; lastKnownFileType = file.storyboard; name = Base; path = Base.lproj/LaunchScreen.storyboard; sourceTree = "<group>"; };
		22BF73011F91130A0085E29F /* Info.plist */ = {isa = PBXFileReference; lastKnownFileType = text.plist.xml; path = Info.plist; sourceTree = "<group>"; };
		22BF73021F91130B0085E29F /* main.m */ = {isa = PBXFileReference; lastKnownFileType = sourcecode.c.objc; path = main.m; sourceTree = "<group>"; };
		22BF73081F91130B0085E29F /* Vampr-iOSTests.xctest */ = {isa = PBXFileReference; explicitFileType = wrapper.cfbundle; includeInIndex = 0; path = "Vampr-iOSTests.xctest"; sourceTree = BUILT_PRODUCTS_DIR; };
		22BF730E1F91130B0085E29F /* Info.plist */ = {isa = PBXFileReference; lastKnownFileType = text.plist.xml; path = Info.plist; sourceTree = "<group>"; };
		22BF73171F91131B0085E29F /* Vampire.h */ = {isa = PBXFileReference; lastKnownFileType = sourcecode.c.h; path = Vampire.h; sourceTree = "<group>"; };
		22BF73181F91131B0085E29F /* Vampire.m */ = {isa = PBXFileReference; lastKnownFileType = sourcecode.c.objc; path = Vampire.m; sourceTree = "<group>"; };
		22BF731A1F91173C0085E29F /* VampireTests.m */ = {isa = PBXFileReference; lastKnownFileType = sourcecode.c.objc; path = VampireTests.m; sourceTree = "<group>"; };
		BB197A47761FDB8CBF7478AA /* Pods-Vampr-iOSTests.debug.xcconfig */ = {isa = PBXFileReference; includeInIndex = 1; lastKnownFileType = text.xcconfig; name = "Pods-Vampr-iOSTests.debug.xcconfig"; path = "Pods/Target Support Files/Pods-Vampr-iOSTests/Pods-Vampr-iOSTests.debug.xcconfig"; sourceTree = "<group>"; };
		C0BDB4036AAB74FF4B6D9211 /* Pods-Vampr-iOSTests.release.xcconfig */ = {isa = PBXFileReference; includeInIndex = 1; lastKnownFileType = text.xcconfig; name = "Pods-Vampr-iOSTests.release.xcconfig"; path = "Pods/Target Support Files/Pods-Vampr-iOSTests/Pods-Vampr-iOSTests.release.xcconfig"; sourceTree = "<group>"; };
		EC7C5A4943E3DE9781AFCD57 /* Pods-Vampr-iOS.debug.xcconfig */ = {isa = PBXFileReference; includeInIndex = 1; lastKnownFileType = text.xcconfig; name = "Pods-Vampr-iOS.debug.xcconfig"; path = "Pods/Target Support Files/Pods-Vampr-iOS/Pods-Vampr-iOS.debug.xcconfig"; sourceTree = "<group>"; };
		FE333DBC050D04014F30D14B /* Pods-Vampr-iOS.release.xcconfig */ = {isa = PBXFileReference; includeInIndex = 1; lastKnownFileType = text.xcconfig; name = "Pods-Vampr-iOS.release.xcconfig"; path = "Pods/Target Support Files/Pods-Vampr-iOS/Pods-Vampr-iOS.release.xcconfig"; sourceTree = "<group>"; };
		FE6AEACADD9A369D5749EF9D /* Pods_Vampr_iOS.framework */ = {isa = PBXFileReference; explicitFileType = wrapper.framework; includeInIndex = 0; path = Pods_Vampr_iOS.framework; sourceTree = BUILT_PRODUCTS_DIR; };
/* End PBXFileReference section */

/* Begin PBXFrameworksBuildPhase section */
		22BF72ED1F91130A0085E29F /* Frameworks */ = {
			isa = PBXFrameworksBuildPhase;
			buildActionMask = 2147483647;
			files = (
				598A06E966BF2EA0AE1E2C6B /* Pods_Vampr_iOS.framework in Frameworks */,
			);
			runOnlyForDeploymentPostprocessing = 0;
		};
		22BF73051F91130B0085E29F /* Frameworks */ = {
			isa = PBXFrameworksBuildPhase;
			buildActionMask = 2147483647;
			files = (
				100AC4FE2470C23836678E18 /* Pods_Vampr_iOSTests.framework in Frameworks */,
			);
			runOnlyForDeploymentPostprocessing = 0;
		};
/* End PBXFrameworksBuildPhase section */

/* Begin PBXGroup section */
		22BF72E71F91130A0085E29F = {
			isa = PBXGroup;
			children = (
				22BF72F21F91130A0085E29F /* Vampr-iOS */,
				22BF730B1F91130B0085E29F /* Vampr-iOSTests */,
				22BF72F11F91130A0085E29F /* Products */,
				41A963548D6B7C4DA95BE972 /* Pods */,
				576787D01FE062FFF17F0B3D /* Frameworks */,
			);
			sourceTree = "<group>";
		};
		22BF72F11F91130A0085E29F /* Products */ = {
			isa = PBXGroup;
			children = (
				22BF72F01F91130A0085E29F /* Vampr-iOS.app */,
				22BF73081F91130B0085E29F /* Vampr-iOSTests.xctest */,
			);
			name = Products;
			sourceTree = "<group>";
		};
		22BF72F21F91130A0085E29F /* Vampr-iOS */ = {
			isa = PBXGroup;
			children = (
				22BF72F31F91130A0085E29F /* AppDelegate.h */,
				22BF72F41F91130A0085E29F /* AppDelegate.m */,
				22BF72F61F91130A0085E29F /* ViewController.h */,
				22BF72F71F91130A0085E29F /* ViewController.m */,
				22BF73171F91131B0085E29F /* Vampire.h */,
				22BF73181F91131B0085E29F /* Vampire.m */,
				22BF72F91F91130A0085E29F /* Main.storyboard */,
				22BF72FC1F91130A0085E29F /* Assets.xcassets */,
				22BF72FE1F91130A0085E29F /* LaunchScreen.storyboard */,
				22BF73011F91130A0085E29F /* Info.plist */,
				22BF73021F91130B0085E29F /* main.m */,
			);
			path = "Vampr-iOS";
			sourceTree = "<group>";
		};
		22BF730B1F91130B0085E29F /* Vampr-iOSTests */ = {
			isa = PBXGroup;
			children = (
				22BF730E1F91130B0085E29F /* Info.plist */,
				22BF731A1F91173C0085E29F /* VampireTests.m */,
			);
			path = "Vampr-iOSTests";
			sourceTree = "<group>";
		};
		41A963548D6B7C4DA95BE972 /* Pods */ = {
			isa = PBXGroup;
			children = (
				EC7C5A4943E3DE9781AFCD57 /* Pods-Vampr-iOS.debug.xcconfig */,
				FE333DBC050D04014F30D14B /* Pods-Vampr-iOS.release.xcconfig */,
				BB197A47761FDB8CBF7478AA /* Pods-Vampr-iOSTests.debug.xcconfig */,
				C0BDB4036AAB74FF4B6D9211 /* Pods-Vampr-iOSTests.release.xcconfig */,
			);
			name = Pods;
			sourceTree = "<group>";
		};
		576787D01FE062FFF17F0B3D /* Frameworks */ = {
			isa = PBXGroup;
			children = (
				FE6AEACADD9A369D5749EF9D /* Pods_Vampr_iOS.framework */,
				2101673087E7F0F78C1C7D5A /* Pods_Vampr_iOSTests.framework */,
			);
			name = Frameworks;
			sourceTree = "<group>";
		};
/* End PBXGroup section */

/* Begin PBXNativeTarget section */
		22BF72EF1F91130A0085E29F /* Vampr-iOS */ = {
			isa = PBXNativeTarget;
			buildConfigurationList = 22BF73111F91130B0085E29F /* Build configuration list for PBXNativeTarget "Vampr-iOS" */;
			buildPhases = (
				8F91CB09288BA3CA17F012C2 /* [CP] Check Pods Manifest.lock */,
				22BF72EC1F91130A0085E29F /* Sources */,
				22BF72ED1F91130A0085E29F /* Frameworks */,
				22BF72EE1F91130A0085E29F /* Resources */,
				AB05513BDE107947D4BF5C67 /* [CP] Embed Pods Frameworks */,
				4E03CF19AEC5F5A06964D596 /* [CP] Copy Pods Resources */,
			);
			buildRules = (
			);
			dependencies = (
			);
			name = "Vampr-iOS";
			productName = "Vampr-iOS";
			productReference = 22BF72F01F91130A0085E29F /* Vampr-iOS.app */;
			productType = "com.apple.product-type.application";
		};
		22BF73071F91130B0085E29F /* Vampr-iOSTests */ = {
			isa = PBXNativeTarget;
			buildConfigurationList = 22BF73141F91130B0085E29F /* Build configuration list for PBXNativeTarget "Vampr-iOSTests" */;
			buildPhases = (
				578B4AD302F123C429FB0EC6 /* [CP] Check Pods Manifest.lock */,
				22BF73041F91130B0085E29F /* Sources */,
				22BF73051F91130B0085E29F /* Frameworks */,
				22BF73061F91130B0085E29F /* Resources */,
				7202B313A668B702D7CE69EC /* [CP] Embed Pods Frameworks */,
				C1A1E424076169F70DDA108D /* [CP] Copy Pods Resources */,
			);
			buildRules = (
			);
			dependencies = (
				22BF730A1F91130B0085E29F /* PBXTargetDependency */,
			);
			name = "Vampr-iOSTests";
			productName = "Vampr-iOSTests";
			productReference = 22BF73081F91130B0085E29F /* Vampr-iOSTests.xctest */;
			productType = "com.apple.product-type.bundle.unit-test";
		};
/* End PBXNativeTarget section */

/* Begin PBXProject section */
		22BF72E81F91130A0085E29F /* Project object */ = {
			isa = PBXProject;
			attributes = {
				LastUpgradeCheck = 0900;
				ORGANIZATIONNAME = "Sam Meech-Ward";
				TargetAttributes = {
					22BF72EF1F91130A0085E29F = {
						CreatedOnToolsVersion = 9.0;
						ProvisioningStyle = Automatic;
					};
					22BF73071F91130B0085E29F = {
						CreatedOnToolsVersion = 9.0;
						ProvisioningStyle = Automatic;
						TestTargetID = 22BF72EF1F91130A0085E29F;
					};
				};
			};
			buildConfigurationList = 22BF72EB1F91130A0085E29F /* Build configuration list for PBXProject "Vampr-iOS" */;
			compatibilityVersion = "Xcode 8.0";
			developmentRegion = en;
			hasScannedForEncodings = 0;
			knownRegions = (
				en,
				Base,
			);
			mainGroup = 22BF72E71F91130A0085E29F;
			productRefGroup = 22BF72F11F91130A0085E29F /* Products */;
			projectDirPath = "";
			projectRoot = "";
			targets = (
				22BF72EF1F91130A0085E29F /* Vampr-iOS */,
				22BF73071F91130B0085E29F /* Vampr-iOSTests */,
			);
		};
/* End PBXProject section */

/* Begin PBXResourcesBuildPhase section */
		22BF72EE1F91130A0085E29F /* Resources */ = {
			isa = PBXResourcesBuildPhase;
			buildActionMask = 2147483647;
			files = (
				22BF73001F91130A0085E29F /* LaunchScreen.storyboard in Resources */,
				22BF72FD1F91130A0085E29F /* Assets.xcassets in Resources */,
				22BF72FB1F91130A0085E29F /* Main.storyboard in Resources */,
			);
			runOnlyForDeploymentPostprocessing = 0;
		};
		22BF73061F91130B0085E29F /* Resources */ = {
			isa = PBXResourcesBuildPhase;
			buildActionMask = 2147483647;
			files = (
			);
			runOnlyForDeploymentPostprocessing = 0;
		};
/* End PBXResourcesBuildPhase section */

/* Begin PBXShellScriptBuildPhase section */
		4E03CF19AEC5F5A06964D596 /* [CP] Copy Pods Resources */ = {
			isa = PBXShellScriptBuildPhase;
			buildActionMask = 2147483647;
			files = (
			);
			inputPaths = (
			);
			name = "[CP] Copy Pods Resources";
			outputPaths = (
			);
			runOnlyForDeploymentPostprocessing = 0;
			shellPath = /bin/sh;
			shellScript = "\"${SRCROOT}/Pods/Target Support Files/Pods-Vampr-iOS/Pods-Vampr-iOS-resources.sh\"\n";
			showEnvVarsInLog = 0;
		};
		578B4AD302F123C429FB0EC6 /* [CP] Check Pods Manifest.lock */ = {
			isa = PBXShellScriptBuildPhase;
			buildActionMask = 2147483647;
			files = (
			);
			inputPaths = (
				"${PODS_PODFILE_DIR_PATH}/Podfile.lock",
				"${PODS_ROOT}/Manifest.lock",
			);
			name = "[CP] Check Pods Manifest.lock";
			outputPaths = (
				"$(DERIVED_FILE_DIR)/Pods-Vampr-iOSTests-checkManifestLockResult.txt",
			);
			runOnlyForDeploymentPostprocessing = 0;
			shellPath = /bin/sh;
			shellScript = "diff \"${PODS_PODFILE_DIR_PATH}/Podfile.lock\" \"${PODS_ROOT}/Manifest.lock\" > /dev/null\nif [ $? != 0 ] ; then\n    # print error to STDERR\n    echo \"error: The sandbox is not in sync with the Podfile.lock. Run 'pod install' or update your CocoaPods installation.\" >&2\n    exit 1\nfi\n# This output is used by Xcode 'outputs' to avoid re-running this script phase.\necho \"SUCCESS\" > \"${SCRIPT_OUTPUT_FILE_0}\"\n";
			showEnvVarsInLog = 0;
		};
		7202B313A668B702D7CE69EC /* [CP] Embed Pods Frameworks */ = {
			isa = PBXShellScriptBuildPhase;
			buildActionMask = 2147483647;
			files = (
			);
			inputPaths = (
				"${SRCROOT}/Pods/Target Support Files/Pods-Vampr-iOSTests/Pods-Vampr-iOSTests-frameworks.sh",
				"${BUILT_PRODUCTS_DIR}/Expecta/Expecta.framework",
				"${BUILT_PRODUCTS_DIR}/Specta/Specta.framework",
			);
			name = "[CP] Embed Pods Frameworks";
			outputPaths = (
				"${TARGET_BUILD_DIR}/${FRAMEWORKS_FOLDER_PATH}/Expecta.framework",
				"${TARGET_BUILD_DIR}/${FRAMEWORKS_FOLDER_PATH}/Specta.framework",
			);
			runOnlyForDeploymentPostprocessing = 0;
			shellPath = /bin/sh;
			shellScript = "\"${SRCROOT}/Pods/Target Support Files/Pods-Vampr-iOSTests/Pods-Vampr-iOSTests-frameworks.sh\"\n";
			showEnvVarsInLog = 0;
		};
		8F91CB09288BA3CA17F012C2 /* [CP] Check Pods Manifest.lock */ = {
			isa = PBXShellScriptBuildPhase;
			buildActionMask = 2147483647;
			files = (
			);
			inputPaths = (
				"${PODS_PODFILE_DIR_PATH}/Podfile.lock",
				"${PODS_ROOT}/Manifest.lock",
			);
			name = "[CP] Check Pods Manifest.lock";
			outputPaths = (
				"$(DERIVED_FILE_DIR)/Pods-Vampr-iOS-checkManifestLockResult.txt",
			);
			runOnlyForDeploymentPostprocessing = 0;
			shellPath = /bin/sh;
			shellScript = "diff \"${PODS_PODFILE_DIR_PATH}/Podfile.lock\" \"${PODS_ROOT}/Manifest.lock\" > /dev/null\nif [ $? != 0 ] ; then\n    # print error to STDERR\n    echo \"error: The sandbox is not in sync with the Podfile.lock. Run 'pod install' or update your CocoaPods installation.\" >&2\n    exit 1\nfi\n# This output is used by Xcode 'outputs' to avoid re-running this script phase.\necho \"SUCCESS\" > \"${SCRIPT_OUTPUT_FILE_0}\"\n";
			showEnvVarsInLog = 0;
		};
		AB05513BDE107947D4BF5C67 /* [CP] Embed Pods Frameworks */ = {
			isa = PBXShellScriptBuildPhase;
			buildActionMask = 2147483647;
			files = (
			);
			inputPaths = (
			);
			name = "[CP] Embed Pods Frameworks";
			outputPaths = (
			);
			runOnlyForDeploymentPostprocessing = 0;
			shellPath = /bin/sh;
			shellScript = "\"${SRCROOT}/Pods/Target Support Files/Pods-Vampr-iOS/Pods-Vampr-iOS-frameworks.sh\"\n";
			showEnvVarsInLog = 0;
		};
		C1A1E424076169F70DDA108D /* [CP] Copy Pods Resources */ = {
			isa = PBXShellScriptBuildPhase;
			buildActionMask = 2147483647;
			files = (
			);
			inputPaths = (
			);
			name = "[CP] Copy Pods Resources";
			outputPaths = (
			);
			runOnlyForDeploymentPostprocessing = 0;
			shellPath = /bin/sh;
			shellScript = "\"${SRCROOT}/Pods/Target Support Files/Pods-Vampr-iOSTests/Pods-Vampr-iOSTests-resources.sh\"\n";
			showEnvVarsInLog = 0;
		};
/* End PBXShellScriptBuildPhase section */

/* Begin PBXSourcesBuildPhase section */
		22BF72EC1F91130A0085E29F /* Sources */ = {
			isa = PBXSourcesBuildPhase;
			buildActionMask = 2147483647;
			files = (
				22BF73191F91131B0085E29F /* Vampire.m in Sources */,
				22BF72F81F91130A0085E29F /* ViewController.m in Sources */,
				22BF73031F91130B0085E29F /* main.m in Sources */,
				22BF72F51F91130A0085E29F /* AppDelegate.m in Sources */,
			);
			runOnlyForDeploymentPostprocessing = 0;
		};
		22BF73041F91130B0085E29F /* Sources */ = {
			isa = PBXSourcesBuildPhase;
			buildActionMask = 2147483647;
			files = (
				22BF731B1F91173C0085E29F /* VampireTests.m in Sources */,
			);
			runOnlyForDeploymentPostprocessing = 0;
		};
/* End PBXSourcesBuildPhase section */

/* Begin PBXTargetDependency section */
		22BF730A1F91130B0085E29F /* PBXTargetDependency */ = {
			isa = PBXTargetDependency;
			target = 22BF72EF1F91130A0085E29F /* Vampr-iOS */;
			targetProxy = 22BF73091F91130B0085E29F /* PBXContainerItemProxy */;
		};
/* End PBXTargetDependency section */

/* Begin PBXVariantGroup section */
		22BF72F91F91130A0085E29F /* Main.storyboard */ = {
			isa = PBXVariantGroup;
			children = (
				22BF72FA1F91130A0085E29F /* Base */,
			);
			name = Main.storyboard;
			sourceTree = "<group>";
		};
		22BF72FE1F91130A0085E29F /* LaunchScreen.storyboard */ = {
			isa = PBXVariantGroup;
			children = (
				22BF72FF1F91130A0085E29F /* Base */,
			);
			name = LaunchScreen.storyboard;
			sourceTree = "<group>";
		};
/* End PBXVariantGroup section */

/* Begin XCBuildConfiguration section */
		22BF730F1F91130B0085E29F /* Debug */ = {
			isa = XCBuildConfiguration;
			buildSettings = {
				ALWAYS_SEARCH_USER_PATHS = NO;
				CLANG_ANALYZER_NONNULL = YES;
				CLANG_ANALYZER_NUMBER_OBJECT_CONVERSION = YES_AGGRESSIVE;
				CLANG_CXX_LANGUAGE_STANDARD = "gnu++14";
				CLANG_CXX_LIBRARY = "libc++";
				CLANG_ENABLE_MODULES = YES;
				CLANG_ENABLE_OBJC_ARC = YES;
				CLANG_WARN_BLOCK_CAPTURE_AUTORELEASING = YES;
				CLANG_WARN_BOOL_CONVERSION = YES;
				CLANG_WARN_COMMA = YES;
				CLANG_WARN_CONSTANT_CONVERSION = YES;
				CLANG_WARN_DIRECT_OBJC_ISA_USAGE = YES_ERROR;
				CLANG_WARN_DOCUMENTATION_COMMENTS = YES;
				CLANG_WARN_EMPTY_BODY = YES;
				CLANG_WARN_ENUM_CONVERSION = YES;
				CLANG_WARN_INFINITE_RECURSION = YES;
				CLANG_WARN_INT_CONVERSION = YES;
				CLANG_WARN_NON_LITERAL_NULL_CONVERSION = YES;
				CLANG_WARN_OBJC_LITERAL_CONVERSION = YES;
				CLANG_WARN_OBJC_ROOT_CLASS = YES_ERROR;
				CLANG_WARN_RANGE_LOOP_ANALYSIS = YES;
				CLANG_WARN_STRICT_PROTOTYPES = YES;
				CLANG_WARN_SUSPICIOUS_MOVE = YES;
				CLANG_WARN_UNGUARDED_AVAILABILITY = YES_AGGRESSIVE;
				CLANG_WARN_UNREACHABLE_CODE = YES;
				CLANG_WARN__DUPLICATE_METHOD_MATCH = YES;
				CODE_SIGN_IDENTITY = "iPhone Developer";
				COPY_PHASE_STRIP = NO;
				DEBUG_INFORMATION_FORMAT = dwarf;
				ENABLE_STRICT_OBJC_MSGSEND = YES;
				ENABLE_TESTABILITY = YES;
				GCC_C_LANGUAGE_STANDARD = gnu11;
				GCC_DYNAMIC_NO_PIC = NO;
				GCC_NO_COMMON_BLOCKS = YES;
				GCC_OPTIMIZATION_LEVEL = 0;
				GCC_PREPROCESSOR_DEFINITIONS = (
					"DEBUG=1",
					"$(inherited)",
				);
				GCC_WARN_64_TO_32_BIT_CONVERSION = YES;
				GCC_WARN_ABOUT_RETURN_TYPE = YES_ERROR;
				GCC_WARN_UNDECLARED_SELECTOR = YES;
				GCC_WARN_UNINITIALIZED_AUTOS = YES_AGGRESSIVE;
				GCC_WARN_UNUSED_FUNCTION = YES;
				GCC_WARN_UNUSED_VARIABLE = YES;
				IPHONEOS_DEPLOYMENT_TARGET = 11.0;
				MTL_ENABLE_DEBUG_INFO = YES;
				ONLY_ACTIVE_ARCH = YES;
				SDKROOT = iphoneos;
			};
			name = Debug;
		};
		22BF73101F91130B0085E29F /* Release */ = {
			isa = XCBuildConfiguration;
			buildSettings = {
				ALWAYS_SEARCH_USER_PATHS = NO;
				CLANG_ANALYZER_NONNULL = YES;
				CLANG_ANALYZER_NUMBER_OBJECT_CONVERSION = YES_AGGRESSIVE;
				CLANG_CXX_LANGUAGE_STANDARD = "gnu++14";
				CLANG_CXX_LIBRARY = "libc++";
				CLANG_ENABLE_MODULES = YES;
				CLANG_ENABLE_OBJC_ARC = YES;
				CLANG_WARN_BLOCK_CAPTURE_AUTORELEASING = YES;
				CLANG_WARN_BOOL_CONVERSION = YES;
				CLANG_WARN_COMMA = YES;
				CLANG_WARN_CONSTANT_CONVERSION = YES;
				CLANG_WARN_DIRECT_OBJC_ISA_USAGE = YES_ERROR;
				CLANG_WARN_DOCUMENTATION_COMMENTS = YES;
				CLANG_WARN_EMPTY_BODY = YES;
				CLANG_WARN_ENUM_CONVERSION = YES;
				CLANG_WARN_INFINITE_RECURSION = YES;
				CLANG_WARN_INT_CONVERSION = YES;
				CLANG_WARN_NON_LITERAL_NULL_CONVERSION = YES;
				CLANG_WARN_OBJC_LITERAL_CONVERSION = YES;
				CLANG_WARN_OBJC_ROOT_CLASS = YES_ERROR;
				CLANG_WARN_RANGE_LOOP_ANALYSIS = YES;
				CLANG_WARN_STRICT_PROTOTYPES = YES;
				CLANG_WARN_SUSPICIOUS_MOVE = YES;
				CLANG_WARN_UNGUARDED_AVAILABILITY = YES_AGGRESSIVE;
				CLANG_WARN_UNREACHABLE_CODE = YES;
				CLANG_WARN__DUPLICATE_METHOD_MATCH = YES;
				CODE_SIGN_IDENTITY = "iPhone Developer";
				COPY_PHASE_STRIP = NO;
				DEBUG_INFORMATION_FORMAT = "dwarf-with-dsym";
				ENABLE_NS_ASSERTIONS = NO;
				ENABLE_STRICT_OBJC_MSGSEND = YES;
				GCC_C_LANGUAGE_STANDARD = gnu11;
				GCC_NO_COMMON_BLOCKS = YES;
				GCC_WARN_64_TO_32_BIT_CONVERSION = YES;
				GCC_WARN_ABOUT_RETURN_TYPE = YES_ERROR;
				GCC_WARN_UNDECLARED_SELECTOR = YES;
				GCC_WARN_UNINITIALIZED_AUTOS = YES_AGGRESSIVE;
				GCC_WARN_UNUSED_FUNCTION = YES;
				GCC_WARN_UNUSED_VARIABLE = YES;
				IPHONEOS_DEPLOYMENT_TARGET = 11.0;
				MTL_ENABLE_DEBUG_INFO = NO;
				SDKROOT = iphoneos;
				VALIDATE_PRODUCT = YES;
			};
			name = Release;
		};
		22BF73121F91130B0085E29F /* Debug */ = {
			isa = XCBuildConfiguration;
			baseConfigurationReference = EC7C5A4943E3DE9781AFCD57 /* Pods-Vampr-iOS.debug.xcconfig */;
			buildSettings = {
				ASSETCATALOG_COMPILER_APPICON_NAME = AppIcon;
				CODE_SIGN_STYLE = Automatic;
				INFOPLIST_FILE = "Vampr-iOS/Info.plist";
				LD_RUNPATH_SEARCH_PATHS = "$(inherited) @executable_path/Frameworks";
				PRODUCT_BUNDLE_IDENTIFIER = "com.lighthouse-labs.Vampr-iOS";
				PRODUCT_NAME = "$(TARGET_NAME)";
				TARGETED_DEVICE_FAMILY = "1,2";
			};
			name = Debug;
		};
		22BF73131F91130B0085E29F /* Release */ = {
			isa = XCBuildConfiguration;
			baseConfigurationReference = FE333DBC050D04014F30D14B /* Pods-Vampr-iOS.release.xcconfig */;
			buildSettings = {
				ASSETCATALOG_COMPILER_APPICON_NAME = AppIcon;
				CODE_SIGN_STYLE = Automatic;
				INFOPLIST_FILE = "Vampr-iOS/Info.plist";
				LD_RUNPATH_SEARCH_PATHS = "$(inherited) @executable_path/Frameworks";
				PRODUCT_BUNDLE_IDENTIFIER = "com.lighthouse-labs.Vampr-iOS";
				PRODUCT_NAME = "$(TARGET_NAME)";
				TARGETED_DEVICE_FAMILY = "1,2";
			};
			name = Release;
		};
		22BF73151F91130B0085E29F /* Debug */ = {
			isa = XCBuildConfiguration;
			baseConfigurationReference = BB197A47761FDB8CBF7478AA /* Pods-Vampr-iOSTests.debug.xcconfig */;
			buildSettings = {
				BUNDLE_LOADER = "$(TEST_HOST)";
				CODE_SIGN_STYLE = Automatic;
				INFOPLIST_FILE = "Vampr-iOSTests/Info.plist";
				LD_RUNPATH_SEARCH_PATHS = "$(inherited) @executable_path/Frameworks @loader_path/Frameworks";
				PRODUCT_BUNDLE_IDENTIFIER = "com.lighthouse-labs.Vampr-iOSTests";
				PRODUCT_NAME = "$(TARGET_NAME)";
				TARGETED_DEVICE_FAMILY = "1,2";
				TEST_HOST = "$(BUILT_PRODUCTS_DIR)/Vampr-iOS.app/Vampr-iOS";
			};
			name = Debug;
		};
		22BF73161F91130B0085E29F /* Release */ = {
			isa = XCBuildConfiguration;
			baseConfigurationReference = C0BDB4036AAB74FF4B6D9211 /* Pods-Vampr-iOSTests.release.xcconfig */;
			buildSettings = {
				BUNDLE_LOADER = "$(TEST_HOST)";
				CODE_SIGN_STYLE = Automatic;
				INFOPLIST_FILE = "Vampr-iOSTests/Info.plist";
				LD_RUNPATH_SEARCH_PATHS = "$(inherited) @executable_path/Frameworks @loader_path/Frameworks";
				PRODUCT_BUNDLE_IDENTIFIER = "com.lighthouse-labs.Vampr-iOSTests";
				PRODUCT_NAME = "$(TARGET_NAME)";
				TARGETED_DEVICE_FAMILY = "1,2";
				TEST_HOST = "$(BUILT_PRODUCTS_DIR)/Vampr-iOS.app/Vampr-iOS";
			};
			name = Release;
		};
/* End XCBuildConfiguration section */

/* Begin XCConfigurationList section */
		22BF72EB1F91130A0085E29F /* Build configuration list for PBXProject "Vampr-iOS" */ = {
			isa = XCConfigurationList;
			buildConfigurations = (
				22BF730F1F91130B0085E29F /* Debug */,
				22BF73101F91130B0085E29F /* Release */,
			);
			defaultConfigurationIsVisible = 0;
			defaultConfigurationName = Release;
		};
		22BF73111F91130B0085E29F /* Build configuration list for PBXNativeTarget "Vampr-iOS" */ = {
			isa = XCConfigurationList;
			buildConfigurations = (
				22BF73121F91130B0085E29F /* Debug */,
				22BF73131F91130B0085E29F /* Release */,
			);
			defaultConfigurationIsVisible = 0;
			defaultConfigurationName = Release;
		};
		22BF73141F91130B0085E29F /* Build configuration list for PBXNativeTarget "Vampr-iOSTests" */ = {
			isa = XCConfigurationList;
			buildConfigurations = (
				22BF73151F91130B0085E29F /* Debug */,
				22BF73161F91130B0085E29F /* Release */,
			);
			defaultConfigurationIsVisible = 0;
			defaultConfigurationName = Release;
		};
/* End XCConfigurationList section */
	};
	rootObject = 22BF72E81F91130A0085E29F /* Project object */;
}
